
Microsoft Visual Studio Solution File, Format Version 12.00
# Visual Studio Version 17
VisualStudioVersion = 17.8.34511.84
MinimumVisualStudioVersion = 10.0.40219.1
Project("{9A19103F-16F7-4668-BE54-9A1E7A4F7556}") = "NovaPostOrderManagerApi", "NovaPostOrderManagerApi.csproj", "{7F7A2CD4-EBA5-46B9-8ABB-962A2D352933}"
EndProject
Project("{2150E333-8FDC-42A3-9474-1A3956D46DE8}") = "Presentation", "Presentation", "{4276E568-1562-4FC8-8160-CE6529C6ED3D}"
EndProject
Project("{2150E333-8FDC-42A3-9474-1A3956D46DE8}") = "Domain", "Domain", "{98C7629F-3FC3-48C9-9A6D-83F41417AAF0}"
EndProject
Project("{2150E333-8FDC-42A3-9474-1A3956D46DE8}") = "Persistence", "Persistence", "{F69CC6BD-653F-4465-BBEC-A824C5FA23E1}"
EndProject
Project("{9A19103F-16F7-4668-BE54-9A1E7A4F7556}") = "Core", "..\Core\Core.csproj", "{9A83E3B5-A8C1-4740-9600-80CAE2B97151}"
EndProject
Project("{9A19103F-16F7-4668-BE54-9A1E7A4F7556}") = "Data", "..\Data\Data.csproj", "{A6EBDBBE-153C-40D5-8223-3BA0057526CC}"
EndProject
Project("{2150E333-8FDC-42A3-9474-1A3956D46DE8}") = "Application", "Application", "{833A8D12-5A90-4267-8F22-22E7ACF95000}"
EndProject
Project("{9A19103F-16F7-4668-BE54-9A1E7A4F7556}") = "Application", "..\Application\Application.csproj", "{3442038B-6829-4A19-A5DC-12AAFF146EB8}"
EndProject
Project("{9A19103F-16F7-4668-BE54-9A1E7A4F7556}") = "NovaPostManagerr", "..\NovaPostManagerr\NovaPostManagerr\NovaPostManagerr.csproj", "{8915F8DF-5557-4A31-A4F0-3976B38C071C}"
EndProject
Project("{9A19103F-16F7-4668-BE54-9A1E7A4F7556}") = "NovaPostManagerr.Client", "..\NovaPostManagerr\NovaPostManagerr.Client\NovaPostManagerr.Client.csproj", "{6043BEDE-39F3-4ED6-93AF-EC4101F11CDE}"
EndProject
Global
	GlobalSection(SolutionConfigurationPlatforms) = preSolution
		Debug|Any CPU = Debug|Any CPU
		Release|Any CPU = Release|Any CPU
	EndGlobalSection
	GlobalSection(ProjectConfigurationPlatforms) = postSolution
		{7F7A2CD4-EBA5-46B9-8ABB-962A2D352933}.Debug|Any CPU.ActiveCfg = Debug|Any CPU
		{7F7A2CD4-EBA5-46B9-8ABB-962A2D352933}.Debug|Any CPU.Build.0 = Debug|Any CPU
		{7F7A2CD4-EBA5-46B9-8ABB-962A2D352933}.Release|Any CPU.ActiveCfg = Release|Any CPU
		{7F7A2CD4-EBA5-46B9-8ABB-962A2D352933}.Release|Any CPU.Build.0 = Release|Any CPU
		{9A83E3B5-A8C1-4740-9600-80CAE2B97151}.Debug|Any CPU.ActiveCfg = Debug|Any CPU
		{9A83E3B5-A8C1-4740-9600-80CAE2B97151}.Debug|Any CPU.Build.0 = Debug|Any CPU
		{9A83E3B5-A8C1-4740-9600-80CAE2B97151}.Release|Any CPU.ActiveCfg = Release|Any CPU
		{9A83E3B5-A8C1-4740-9600-80CAE2B97151}.Release|Any CPU.Build.0 = Release|Any CPU
		{A6EBDBBE-153C-40D5-8223-3BA0057526CC}.Debug|Any CPU.ActiveCfg = Debug|Any CPU
		{A6EBDBBE-153C-40D5-8223-3BA0057526CC}.Debug|Any CPU.Build.0 = Debug|Any CPU
		{A6EBDBBE-153C-40D5-8223-3BA0057526CC}.Release|Any CPU.ActiveCfg = Release|Any CPU
		{A6EBDBBE-153C-40D5-8223-3BA0057526CC}.Release|Any CPU.Build.0 = Release|Any CPU
		{3442038B-6829-4A19-A5DC-12AAFF146EB8}.Debug|Any CPU.ActiveCfg = Debug|Any CPU
		{3442038B-6829-4A19-A5DC-12AAFF146EB8}.Debug|Any CPU.Build.0 = Debug|Any CPU
		{3442038B-6829-4A19-A5DC-12AAFF146EB8}.Release|Any CPU.ActiveCfg = Release|Any CPU
		{3442038B-6829-4A19-A5DC-12AAFF146EB8}.Release|Any CPU.Build.0 = Release|Any CPU
		{8915F8DF-5557-4A31-A4F0-3976B38C071C}.Debug|Any CPU.ActiveCfg = Debug|Any CPU
		{8915F8DF-5557-4A31-A4F0-3976B38C071C}.Debug|Any CPU.Build.0 = Debug|Any CPU
		{8915F8DF-5557-4A31-A4F0-3976B38C071C}.Release|Any CPU.ActiveCfg = Release|Any CPU
		{8915F8DF-5557-4A31-A4F0-3976B38C071C}.Release|Any CPU.Build.0 = Release|Any CPU
		{6043BEDE-39F3-4ED6-93AF-EC4101F11CDE}.Debug|Any CPU.ActiveCfg = Debug|Any CPU
		{6043BEDE-39F3-4ED6-93AF-EC4101F11CDE}.Debug|Any CPU.Build.0 = Debug|Any CPU
		{6043BEDE-39F3-4ED6-93AF-EC4101F11CDE}.Release|Any CPU.ActiveCfg = Release|Any CPU
		{6043BEDE-39F3-4ED6-93AF-EC4101F11CDE}.Release|Any CPU.Build.0 = Release|Any CPU
	EndGlobalSection
	GlobalSection(SolutionProperties) = preSolution
		HideSolutionNode = FALSE
	EndGlobalSection
	GlobalSection(NestedProjects) = preSolution
		{7F7A2CD4-EBA5-46B9-8ABB-962A2D352933} = {4276E568-1562-4FC8-8160-CE6529C6ED3D}
		{9A83E3B5-A8C1-4740-9600-80CAE2B97151} = {98C7629F-3FC3-48C9-9A6D-83F41417AAF0}
		{A6EBDBBE-153C-40D5-8223-3BA0057526CC} = {F69CC6BD-653F-4465-BBEC-A824C5FA23E1}
		{3442038B-6829-4A19-A5DC-12AAFF146EB8} = {833A8D12-5A90-4267-8F22-22E7ACF95000}
		{8915F8DF-5557-4A31-A4F0-3976B38C071C} = {4276E568-1562-4FC8-8160-CE6529C6ED3D}
		{6043BEDE-39F3-4ED6-93AF-EC4101F11CDE} = {4276E568-1562-4FC8-8160-CE6529C6ED3D}
	EndGlobalSection
	GlobalSection(ExtensibilityGlobals) = postSolution
		SolutionGuid = {62B248E9-D7B3-4CDC-B2EB-16706AF02681}
	EndGlobalSection
EndGlobal
